
Microsoft Visual Studio Solution File, Format Version 12.00
# Visual Studio Version 16
VisualStudioVersion = 16.0.30517.126
MinimumVisualStudioVersion = 10.0.40219.1
Project("{FAE04EC0-301F-11D3-BF4B-00C04F79EFBC}") = "SortString", "SortString.csproj", "{40B0E2AE-BC80-4EFF-94D1-4A24B3869C60}"
EndProject
Global
	GlobalSection(SolutionConfigurationPlatforms) = preSolution
		Debug|Any CPU = Debug|Any CPU
		Release|Any CPU = Release|Any CPU
	EndGlobalSection
	GlobalSection(ProjectConfigurationPlatforms) = postSolution
		{40B0E2AE-BC80-4EFF-94D1-4A24B3869C60}.Debug|Any CPU.ActiveCfg = Debug|Any CPU
		{40B0E2AE-BC80-4EFF-94D1-4A24B3869C60}.Debug|Any CPU.Build.0 = Debug|Any CPU
		{40B0E2AE-BC80-4EFF-94D1-4A24B3869C60}.Release|Any CPU.ActiveCfg = Release|Any CPU
		{40B0E2AE-BC80-4EFF-94D1-4A24B3869C60}.Release|Any CPU.Build.0 = Release|Any CPU
	EndGlobalSection
	GlobalSection(SolutionProperties) = preSolution
		HideSolutionNode = FALSE
	EndGlobalSection
	GlobalSection(ExtensibilityGlobals) = postSolution
		SolutionGuid = {9CA4B8B5-F92A-4D2B-87F0-5BA82324E95F}
	EndGlobalSection
EndGlobal
